
Microsoft Visual Studio Solution File, Format Version 12.00
# Visual Studio Version 17
VisualStudioVersion = 17.10.35027.167
MinimumVisualStudioVersion = 10.0.40219.1
Project("{FAE04EC0-301F-11D3-BF4B-00C04F79EFBC}") = "OclcApiTest", "OclcApiTest.csproj", "{E3BF10E7-B7BB-4D08-B16D-46251236DD64}"
EndProject
Global
	GlobalSection(SolutionConfigurationPlatforms) = preSolution
		Debug|Any CPU = Debug|Any CPU
		Release|Any CPU = Release|Any CPU
	EndGlobalSection
	GlobalSection(ProjectConfigurationPlatforms) = postSolution
		{E3BF10E7-B7BB-4D08-B16D-46251236DD64}.Debug|Any CPU.ActiveCfg = Debug|Any CPU
		{E3BF10E7-B7BB-4D08-B16D-46251236DD64}.Debug|Any CPU.Build.0 = Debug|Any CPU
		{E3BF10E7-B7BB-4D08-B16D-46251236DD64}.Release|Any CPU.ActiveCfg = Release|Any CPU
		{E3BF10E7-B7BB-4D08-B16D-46251236DD64}.Release|Any CPU.Build.0 = Release|Any CPU
	EndGlobalSection
	GlobalSection(SolutionProperties) = preSolution
		HideSolutionNode = FALSE
	EndGlobalSection
	GlobalSection(ExtensibilityGlobals) = postSolution
		SolutionGuid = {F53C6021-AB13-4EB4-A174-6116349C1042}
	EndGlobalSection
EndGlobal
